
Microsoft Visual Studio Solution File, Format Version 12.00
# Visual Studio Version 17
VisualStudioVersion = 17.0.31903.59
MinimumVisualStudioVersion = 10.0.40219.1
Project("{2150E333-8FDC-42A3-9474-1A3956D46DE8}") = "src", "src", "{827E0CD3-B72D-47B6-A68D-7590B98EB39B}"
EndProject
Project("{FAE04EC0-301F-11D3-BF4B-00C04F79EFBC}") = "SmartSchoolTimetable.Domain", "src\SmartSchoolTimetable.Domain\SmartSchoolTimetable.Domain.csproj", "{2562916F-5845-4A42-A518-866AC85AA120}"
EndProject
Project("{FAE04EC0-301F-11D3-BF4B-00C04F79EFBC}") = "SmartSchoolTimetable.Application", "src\SmartSchoolTimetable.Application\SmartSchoolTimetable.Application.csproj", "{5EBE1C9E-64FD-4ED4-BFC5-7BED23F36FDE}"
EndProject
Project("{FAE04EC0-301F-11D3-BF4B-00C04F79EFBC}") = "SmartSchoolTimetable.Infrastructure", "src\SmartSchoolTimetable.Infrastructure\SmartSchoolTimetable.Infrastructure.csproj", "{A79BAB3F-CFB4-4D8C-AA67-D047E94F11AE}"
EndProject
Project("{FAE04EC0-301F-11D3-BF4B-00C04F79EFBC}") = "SmartSchoolTimetable.Api", "src\SmartSchoolTimetable.Api\SmartSchoolTimetable.Api.csproj", "{82ACF4B1-6E57-4B5A-A058-93B3FE5696FB}"
EndProject
Project("{2150E333-8FDC-42A3-9474-1A3956D46DE8}") = "tests", "tests", "{0AB3BF05-4346-4AA6-1389-037BE0695223}"
EndProject
Project("{FAE04EC0-301F-11D3-BF4B-00C04F79EFBC}") = "SmartSchoolTimetable.Tests", "tests\SmartSchoolTimetable.Tests\SmartSchoolTimetable.Tests.csproj", "{50E895C5-C962-4C44-B4AE-6792523EAD3E}"
EndProject
Global
	GlobalSection(SolutionConfigurationPlatforms) = preSolution
		Debug|Any CPU = Debug|Any CPU
		Debug|x64 = Debug|x64
		Debug|x86 = Debug|x86
		Release|Any CPU = Release|Any CPU
		Release|x64 = Release|x64
		Release|x86 = Release|x86
	EndGlobalSection
	GlobalSection(ProjectConfigurationPlatforms) = postSolution
		{2562916F-5845-4A42-A518-866AC85AA120}.Debug|Any CPU.ActiveCfg = Debug|Any CPU
		{2562916F-5845-4A42-A518-866AC85AA120}.Debug|Any CPU.Build.0 = Debug|Any CPU
		{2562916F-5845-4A42-A518-866AC85AA120}.Debug|x64.ActiveCfg = Debug|Any CPU
		{2562916F-5845-4A42-A518-866AC85AA120}.Debug|x64.Build.0 = Debug|Any CPU
		{2562916F-5845-4A42-A518-866AC85AA120}.Debug|x86.ActiveCfg = Debug|Any CPU
		{2562916F-5845-4A42-A518-866AC85AA120}.Debug|x86.Build.0 = Debug|Any CPU
		{2562916F-5845-4A42-A518-866AC85AA120}.Release|Any CPU.ActiveCfg = Release|Any CPU
		{2562916F-5845-4A42-A518-866AC85AA120}.Release|Any CPU.Build.0 = Release|Any CPU
		{2562916F-5845-4A42-A518-866AC85AA120}.Release|x64.ActiveCfg = Release|Any CPU
		{2562916F-5845-4A42-A518-866AC85AA120}.Release|x64.Build.0 = Release|Any CPU
		{2562916F-5845-4A42-A518-866AC85AA120}.Release|x86.ActiveCfg = Release|Any CPU
		{2562916F-5845-4A42-A518-866AC85AA120}.Release|x86.Build.0 = Release|Any CPU
		{5EBE1C9E-64FD-4ED4-BFC5-7BED23F36FDE}.Debug|Any CPU.ActiveCfg = Debug|Any CPU
		{5EBE1C9E-64FD-4ED4-BFC5-7BED23F36FDE}.Debug|Any CPU.Build.0 = Debug|Any CPU
		{5EBE1C9E-64FD-4ED4-BFC5-7BED23F36FDE}.Debug|x64.ActiveCfg = Debug|Any CPU
		{5EBE1C9E-64FD-4ED4-BFC5-7BED23F36FDE}.Debug|x64.Build.0 = Debug|Any CPU
		{5EBE1C9E-64FD-4ED4-BFC5-7BED23F36FDE}.Debug|x86.ActiveCfg = Debug|Any CPU
		{5EBE1C9E-64FD-4ED4-BFC5-7BED23F36FDE}.Debug|x86.Build.0 = Debug|Any CPU
		{5EBE1C9E-64FD-4ED4-BFC5-7BED23F36FDE}.Release|Any CPU.ActiveCfg = Release|Any CPU
		{5EBE1C9E-64FD-4ED4-BFC5-7BED23F36FDE}.Release|Any CPU.Build.0 = Release|Any CPU
		{5EBE1C9E-64FD-4ED4-BFC5-7BED23F36FDE}.Release|x64.ActiveCfg = Release|Any CPU
		{5EBE1C9E-64FD-4ED4-BFC5-7BED23F36FDE}.Release|x64.Build.0 = Release|Any CPU
		{5EBE1C9E-64FD-4ED4-BFC5-7BED23F36FDE}.Release|x86.ActiveCfg = Release|Any CPU
		{5EBE1C9E-64FD-4ED4-BFC5-7BED23F36FDE}.Release|x86.Build.0 = Release|Any CPU
		{A79BAB3F-CFB4-4D8C-AA67-D047E94F11AE}.Debug|Any CPU.ActiveCfg = Debug|Any CPU
		{A79BAB3F-CFB4-4D8C-AA67-D047E94F11AE}.Debug|Any CPU.Build.0 = Debug|Any CPU
		{A79BAB3F-CFB4-4D8C-AA67-D047E94F11AE}.Debug|x64.ActiveCfg = Debug|Any CPU
		{A79BAB3F-CFB4-4D8C-AA67-D047E94F11AE}.Debug|x64.Build.0 = Debug|Any CPU
		{A79BAB3F-CFB4-4D8C-AA67-D047E94F11AE}.Debug|x86.ActiveCfg = Debug|Any CPU
		{A79BAB3F-CFB4-4D8C-AA67-D047E94F11AE}.Debug|x86.Build.0 = Debug|Any CPU
		{A79BAB3F-CFB4-4D8C-AA67-D047E94F11AE}.Release|Any CPU.ActiveCfg = Release|Any CPU
		{A79BAB3F-CFB4-4D8C-AA67-D047E94F11AE}.Release|Any CPU.Build.0 = Release|Any CPU
		{A79BAB3F-CFB4-4D8C-AA67-D047E94F11AE}.Release|x64.ActiveCfg = Release|Any CPU
		{A79BAB3F-CFB4-4D8C-AA67-D047E94F11AE}.Release|x64.Build.0 = Release|Any CPU
		{A79BAB3F-CFB4-4D8C-AA67-D047E94F11AE}.Release|x86.ActiveCfg = Release|Any CPU
		{A79BAB3F-CFB4-4D8C-AA67-D047E94F11AE}.Release|x86.Build.0 = Release|Any CPU
		{82ACF4B1-6E57-4B5A-A058-93B3FE5696FB}.Debug|Any CPU.ActiveCfg = Debug|Any CPU
		{82ACF4B1-6E57-4B5A-A058-93B3FE5696FB}.Debug|Any CPU.Build.0 = Debug|Any CPU
		{82ACF4B1-6E57-4B5A-A058-93B3FE5696FB}.Debug|x64.ActiveCfg = Debug|Any CPU
		{82ACF4B1-6E57-4B5A-A058-93B3FE5696FB}.Debug|x64.Build.0 = Debug|Any CPU
		{82ACF4B1-6E57-4B5A-A058-93B3FE5696FB}.Debug|x86.ActiveCfg = Debug|Any CPU
		{82ACF4B1-6E57-4B5A-A058-93B3FE5696FB}.Debug|x86.Build.0 = Debug|Any CPU
		{82ACF4B1-6E57-4B5A-A058-93B3FE5696FB}.Release|Any CPU.ActiveCfg = Release|Any CPU
		{82ACF4B1-6E57-4B5A-A058-93B3FE5696FB}.Release|Any CPU.Build.0 = Release|Any CPU
		{82ACF4B1-6E57-4B5A-A058-93B3FE5696FB}.Release|x64.ActiveCfg = Release|Any CPU
		{82ACF4B1-6E57-4B5A-A058-93B3FE5696FB}.Release|x64.Build.0 = Release|Any CPU
		{82ACF4B1-6E57-4B5A-A058-93B3FE5696FB}.Release|x86.ActiveCfg = Release|Any CPU
		{82ACF4B1-6E57-4B5A-A058-93B3FE5696FB}.Release|x86.Build.0 = Release|Any CPU
		{50E895C5-C962-4C44-B4AE-6792523EAD3E}.Debug|Any CPU.ActiveCfg = Debug|Any CPU
		{50E895C5-C962-4C44-B4AE-6792523EAD3E}.Debug|Any CPU.Build.0 = Debug|Any CPU
		{50E895C5-C962-4C44-B4AE-6792523EAD3E}.Debug|x64.ActiveCfg = Debug|Any CPU
		{50E895C5-C962-4C44-B4AE-6792523EAD3E}.Debug|x64.Build.0 = Debug|Any CPU
		{50E895C5-C962-4C44-B4AE-6792523EAD3E}.Debug|x86.ActiveCfg = Debug|Any CPU
		{50E895C5-C962-4C44-B4AE-6792523EAD3E}.Debug|x86.Build.0 = Debug|Any CPU
		{50E895C5-C962-4C44-B4AE-6792523EAD3E}.Release|Any CPU.ActiveCfg = Release|Any CPU
		{50E895C5-C962-4C44-B4AE-6792523EAD3E}.Release|Any CPU.Build.0 = Release|Any CPU
		{50E895C5-C962-4C44-B4AE-6792523EAD3E}.Release|x64.ActiveCfg = Release|Any CPU
		{50E895C5-C962-4C44-B4AE-6792523EAD3E}.Release|x64.Build.0 = Release|Any CPU
		{50E895C5-C962-4C44-B4AE-6792523EAD3E}.Release|x86.ActiveCfg = Release|Any CPU
		{50E895C5-C962-4C44-B4AE-6792523EAD3E}.Release|x86.Build.0 = Release|Any CPU
	EndGlobalSection
	GlobalSection(SolutionProperties) = preSolution
		HideSolutionNode = FALSE
	EndGlobalSection
	GlobalSection(NestedProjects) = preSolution
		{2562916F-5845-4A42-A518-866AC85AA120} = {827E0CD3-B72D-47B6-A68D-7590B98EB39B}
		{5EBE1C9E-64FD-4ED4-BFC5-7BED23F36FDE} = {827E0CD3-B72D-47B6-A68D-7590B98EB39B}
		{A79BAB3F-CFB4-4D8C-AA67-D047E94F11AE} = {827E0CD3-B72D-47B6-A68D-7590B98EB39B}
		{82ACF4B1-6E57-4B5A-A058-93B3FE5696FB} = {827E0CD3-B72D-47B6-A68D-7590B98EB39B}
		{50E895C5-C962-4C44-B4AE-6792523EAD3E} = {0AB3BF05-4346-4AA6-1389-037BE0695223}
	EndGlobalSection
EndGlobal
